#MicroXplorer Configuration settings - do not modify
CAD.formats=
CAD.pinconfig=
CAD.provider=
Dma.Request0=TIM1_CH1
Dma.RequestsNb=1
Dma.TIM1_CH1.0.Channel_PRIV_NPRIV=DMA_CHANNEL_NPRIV_DISABLE
Dma.TIM1_CH1.0.Direction=DMA_MEMORY_TO_PERIPH
Dma.TIM1_CH1.0.EventEnable=DISABLE
Dma.TIM1_CH1.0.Instance=DMA1_Channel1
Dma.TIM1_CH1.0.MemDataAlignment=DMA_MDATAALIGN_HALFWORD
Dma.TIM1_CH1.0.MemInc=DMA_MINC_ENABLE
Dma.TIM1_CH1.0.Mode=DMA_NORMAL
Dma.TIM1_CH1.0.PeriphDataAlignment=DMA_PDATAALIGN_HALFWORD
Dma.TIM1_CH1.0.PeriphInc=DMA_PINC_DISABLE
Dma.TIM1_CH1.0.Polarity=HAL_DMAMUX_REQ_GEN_RISING
Dma.TIM1_CH1.0.Priority=DMA_PRIORITY_LOW
Dma.TIM1_CH1.0.RequestNumber=1
Dma.TIM1_CH1.0.RequestParameters=Instance,Direction,PeriphInc,MemInc,PeriphDataAlignment,MemDataAlignment,Mode,Priority,SignalID,Polarity,RequestNumber,SyncSignalID,SyncPolarity,SyncEnable,EventEnable,SyncRequestNumber,Channel_PRIV_NPRIV
Dma.TIM1_CH1.0.SignalID=NONE
Dma.TIM1_CH1.0.SyncEnable=DISABLE
Dma.TIM1_CH1.0.SyncPolarity=HAL_DMAMUX_SYNC_NO_EVENT
Dma.TIM1_CH1.0.SyncRequestNumber=1
Dma.TIM1_CH1.0.SyncSignalID=NONE
File.Version=6
GPIO.groupedBy=Show All
I2C1.IPParameters=Timing
I2C1.Timing=0x10909CEC
I2C2.IPParameters=Timing
I2C2.Timing=0x10909CEC
I2C3.IPParameters=Timing
I2C3.Timing=0x10909CEC
KeepUserPlacement=false
Mcu.CPN=STM32L562ZET6Q
Mcu.ContextProject=TrustZoneDisabled
Mcu.Family=STM32L5
Mcu.IP0=DMA
Mcu.IP1=FATFS
Mcu.IP10=SPI2
Mcu.IP11=SYS
Mcu.IP12=TIM1
Mcu.IP13=USART1
Mcu.IP14=USART2
Mcu.IP15=USART3
Mcu.IP2=I2C1
Mcu.IP3=I2C2
Mcu.IP4=I2C3
Mcu.IP5=NVIC
Mcu.IP6=PWR
Mcu.IP7=RCC
Mcu.IP8=SDMMC1
Mcu.IP9=SPI1
Mcu.IPNb=16
Mcu.Name=STM32L562ZETxQ
Mcu.Package=LQFP144
Mcu.Pin0=PE3
Mcu.Pin1=PE4
Mcu.Pin10=PF7
Mcu.Pin11=PF8
Mcu.Pin12=PF9
Mcu.Pin13=PC0
Mcu.Pin14=PC1
Mcu.Pin15=PC2
Mcu.Pin16=PA0
Mcu.Pin17=PA1
Mcu.Pin18=PA2
Mcu.Pin19=PA3
Mcu.Pin2=PE5
Mcu.Pin20=PA4
Mcu.Pin21=PA6
Mcu.Pin22=PA7
Mcu.Pin23=PB0
Mcu.Pin24=PB1
Mcu.Pin25=PB2
Mcu.Pin26=PF11
Mcu.Pin27=PF12
Mcu.Pin28=PF13
Mcu.Pin29=PF14
Mcu.Pin3=PE6
Mcu.Pin30=PF15
Mcu.Pin31=PG0
Mcu.Pin32=PG1
Mcu.Pin33=PE9
Mcu.Pin34=PE11
Mcu.Pin35=PE12
Mcu.Pin36=PE13
Mcu.Pin37=PE14
Mcu.Pin38=PE15
Mcu.Pin39=PB10
Mcu.Pin4=PC13
Mcu.Pin40=PB11
Mcu.Pin41=PB14
Mcu.Pin42=PB15
Mcu.Pin43=PD8
Mcu.Pin44=PD9
Mcu.Pin45=PD12
Mcu.Pin46=PD13
Mcu.Pin47=PD14
Mcu.Pin48=PG2
Mcu.Pin49=PG3
Mcu.Pin5=PF0
Mcu.Pin50=PG4
Mcu.Pin51=PG5
Mcu.Pin52=PG6
Mcu.Pin53=PG7
Mcu.Pin54=PC8
Mcu.Pin55=PC9
Mcu.Pin56=PA11
Mcu.Pin57=PA12
Mcu.Pin58=PA13 (JTMS/SWDIO)
Mcu.Pin59=PA14 (JTCK/SWCLK)
Mcu.Pin6=PF1
Mcu.Pin60=PA15 (JTDI)
Mcu.Pin61=PC10
Mcu.Pin62=PC11
Mcu.Pin63=PC12
Mcu.Pin64=PD0
Mcu.Pin65=PD1
Mcu.Pin66=PD2
Mcu.Pin67=PD3
Mcu.Pin68=PD4
Mcu.Pin69=PD5
Mcu.Pin7=PF2
Mcu.Pin70=PD6
Mcu.Pin71=PD7
Mcu.Pin72=PG9
Mcu.Pin73=PG10
Mcu.Pin74=PG13
Mcu.Pin75=PG14
Mcu.Pin76=PB3 (JTDO/TRACESWO)
Mcu.Pin77=PB7
Mcu.Pin78=PB8
Mcu.Pin79=PB9
Mcu.Pin8=PF3
Mcu.Pin80=VP_FATFS_VS_SDIO
Mcu.Pin81=VP_PWR_VS_DBSignals
Mcu.Pin82=VP_PWR_VS_SECSignals
Mcu.Pin83=VP_SYS_VS_Systick
Mcu.Pin9=PF6
Mcu.PinsNb=84
Mcu.ThirdPartyNb=0
Mcu.UserConstants=
Mcu.UserName=STM32L562ZETxQ
MxCube.Version=6.11.1
MxDb.Version=DB.6.0.111
NVIC.BusFault_IRQn=true\:0\:0\:false\:false\:true\:false\:false\:false
NVIC.DMA1_Channel1_IRQn=true\:0\:0\:false\:false\:true\:false\:true\:true
NVIC.DebugMonitor_IRQn=true\:0\:0\:false\:false\:true\:false\:false\:false
NVIC.ForceEnableDMAVector=true
NVIC.HardFault_IRQn=true\:0\:0\:false\:false\:true\:false\:false\:false
NVIC.MemoryManagement_IRQn=true\:0\:0\:false\:false\:true\:false\:false\:false
NVIC.NonMaskableInt_IRQn=true\:0\:0\:false\:false\:true\:false\:false\:false
NVIC.PendSV_IRQn=true\:0\:0\:false\:false\:true\:false\:false\:false
NVIC.PriorityGroup=NVIC_PRIORITYGROUP_3
NVIC.SDMMC1_IRQn=true\:0\:0\:false\:false\:true\:true\:true\:true
NVIC.SVCall_IRQn=true\:0\:0\:false\:false\:true\:false\:false\:false
NVIC.SysTick_IRQn=true\:7\:0\:false\:false\:true\:false\:true\:false
NVIC.UsageFault_IRQn=true\:0\:0\:false\:false\:true\:false\:false\:false
PA0.Locked=true
PA0.Signal=UART4_TX
PA1.Locked=true
PA1.Signal=UART4_RX
PA11.Locked=true
PA11.Signal=USART1_CTS
PA12.Locked=true
PA12.Signal=USART1_RTS
PA13\ (JTMS/SWDIO).GPIOParameters=GPIO_Label
PA13\ (JTMS/SWDIO).GPIO_Label=SWDIO
PA13\ (JTMS/SWDIO).Locked=true
PA13\ (JTMS/SWDIO).Signal=DEBUG_JTMS-SWDIO
PA14\ (JTCK/SWCLK).GPIOParameters=GPIO_Label
PA14\ (JTCK/SWCLK).GPIO_Label=SWCLK
PA14\ (JTCK/SWCLK).Locked=true
PA14\ (JTCK/SWCLK).Signal=DEBUG_JTCK-SWCLK
PA15\ (JTDI).Locked=true
PA15\ (JTDI).Signal=UART4_RTS
PA2.Locked=true
PA2.Mode=Asynchronous
PA2.Signal=USART2_TX
PA3.Locked=true
PA3.Mode=Asynchronous
PA3.Signal=USART2_RX
PA4.GPIOParameters=GPIO_Label
PA4.GPIO_Label=PWR_SENSE
PA4.Locked=true
PA4.Signal=ADCx_IN9
PA6.Locked=true
PA6.Signal=ADCx_IN11
PA7.Locked=true
PA7.Signal=ADCx_IN12
PB0.Locked=true
PB0.Signal=ADCx_IN15
PB1.GPIOParameters=GPIO_Label
PB1.GPIO_Label=VBAT_A_SENSE
PB1.Locked=true
PB1.Signal=ADCx_IN16
PB10.Locked=true
PB10.Signal=LPUART1_RX
PB11.Locked=true
PB11.Signal=LPUART1_TX
PB14.Mode=Full_Duplex_Master
PB14.Signal=SPI2_MISO
PB15.Locked=true
PB15.Mode=Full_Duplex_Master
PB15.Signal=SPI2_MOSI
PB2.GPIOParameters=GPIO_Label
PB2.GPIO_Label=GPIO_1
PB2.Locked=true
PB2.Signal=GPIO_Output
PB3\ (JTDO/TRACESWO).GPIOParameters=GPIO_Label
PB3\ (JTDO/TRACESWO).GPIO_Label=SWO
PB3\ (JTDO/TRACESWO).Locked=true
PB3\ (JTDO/TRACESWO).Signal=DEBUG_JTDO-SWO
PB7.Locked=true
PB7.Signal=UART4_CTS
PB8.Locked=true
PB8.Signal=S_TIM16_CH1
PB9.Locked=true
PB9.Signal=S_TIM17_CH1
PC0.Locked=true
PC0.Mode=I2C
PC0.Signal=I2C3_SCL
PC1.Locked=true
PC1.Mode=I2C
PC1.Signal=I2C3_SDA
PC10.Locked=true
PC10.Mode=SD_4_bits_Wide_bus
PC10.Signal=SDMMC1_D2
PC11.Locked=true
PC11.Mode=SD_4_bits_Wide_bus
PC11.Signal=SDMMC1_D3
PC12.Locked=true
PC12.Mode=SD_4_bits_Wide_bus
PC12.Signal=SDMMC1_CK
PC13.GPIOParameters=Privilege
PC13.Locked=true
PC13.Privilege=EXTI_LINE_PRIV
PC13.Signal=GPXTI13
PC2.GPIOParameters=GPIO_Label
PC2.GPIO_Label=VBAT_B_SENSE
PC2.Locked=true
PC2.Signal=ADCx_IN3
PC8.Locked=true
PC8.Mode=SD_4_bits_Wide_bus
PC8.Signal=SDMMC1_D0
PC9.Locked=true
PC9.Mode=SD_4_bits_Wide_bus
PC9.Signal=SDMMC1_D1
PD0.Locked=true
PD0.Mode=NSS_Signal_Hard_Output
PD0.Signal=SPI2_NSS
PD1.Locked=true
PD1.Mode=Full_Duplex_Master
PD1.Signal=SPI2_SCK
PD12.Locked=true
PD12.Signal=S_TIM4_CH1
PD13.Locked=true
PD13.Signal=S_TIM4_CH2
PD14.Locked=true
PD14.Signal=S_TIM4_CH3
PD2.Locked=true
PD2.Mode=SD_4_bits_Wide_bus
PD2.Signal=SDMMC1_CMD
PD3.GPIOParameters=GPIO_Label
PD3.GPIO_Label=GPIO_6
PD3.Locked=true
PD3.Signal=GPIO_Output
PD4.GPIOParameters=GPIO_Label
PD4.GPIO_Label=GPIO_7
PD4.Locked=true
PD4.Signal=GPIO_Output
PD5.GPIOParameters=GPIO_Label
PD5.GPIO_Label=GPIO_8
PD5.Locked=true
PD5.Signal=GPIO_Output
PD6.GPIOParameters=GPIO_Label
PD6.GPIO_Label=GPIO_9
PD6.Locked=true
PD6.Signal=GPIO_Output
PD7.GPIOParameters=GPIO_Label
PD7.GPIO_Label=GPIO_10
PD7.Locked=true
PD7.Signal=GPIO_Output
PD8.Locked=true
PD8.Mode=Asynchronous
PD8.Signal=USART3_TX
PD9.Locked=true
PD9.Mode=Asynchronous
PD9.Signal=USART3_RX
PE11.Locked=true
PE11.Signal=S_TIM1_CH2
PE12.Mode=NSS_Signal_Hard_Output
PE12.Signal=SPI1_NSS
PE13.Locked=true
PE13.Mode=Full_Duplex_Master
PE13.Signal=SPI1_SCK
PE14.Mode=Full_Duplex_Master
PE14.Signal=SPI1_MISO
PE15.Mode=Full_Duplex_Master
PE15.Signal=SPI1_MOSI
PE3.Locked=true
PE3.Signal=S_TIM3_CH1
PE4.Locked=true
PE4.Signal=S_TIM3_CH2
PE5.Locked=true
PE5.Signal=S_TIM3_CH3
PE6.Locked=true
PE6.Signal=S_TIM3_CH4
PE9.Locked=true
PE9.Signal=S_TIM1_CH1
PF0.Locked=true
PF0.Mode=I2C
PF0.Signal=I2C2_SDA
PF1.Locked=true
PF1.Mode=I2C
PF1.Signal=I2C2_SCL
PF11.GPIOParameters=GPIO_Label
PF11.GPIO_Label=uSD_Detect
PF11.Locked=true
PF11.Signal=GPIO_Input
PF12.GPIOParameters=GPIO_Label
PF12.GPIO_Label=GPIO_2
PF12.Locked=true
PF12.Signal=GPIO_Output
PF13.GPIOParameters=GPIO_Label
PF13.GPIO_Label=GPIO_3
PF13.Locked=true
PF13.Signal=GPIO_Output
PF14.GPIOParameters=GPIO_Label
PF14.GPIO_Label=GPIO_4
PF14.Locked=true
PF14.Signal=GPIO_Output
PF15.GPIOParameters=GPIO_Label
PF15.GPIO_Label=GPIO_5
PF15.Locked=true
PF15.Signal=GPIO_Output
PF2.GPIOParameters=GPIO_Label
PF2.GPIO_Label=GPIO_IL_D
PF2.Locked=true
PF2.Signal=GPIO_Input
PF3.GPIOParameters=GPIO_Label
PF3.GPIO_Label=GPIO_IL_C
PF3.Locked=true
PF3.Signal=GPIO_Input
PF6.Locked=true
PF6.Signal=S_TIM5_CH1
PF7.Locked=true
PF7.Signal=S_TIM5_CH2
PF8.Locked=true
PF8.Signal=S_TIM5_CH3
PF9.Locked=true
PF9.Signal=S_TIM5_CH4
PG0.GPIOParameters=GPIO_Label
PG0.GPIO_Label=GPIO_LED_1
PG0.Locked=true
PG0.Signal=GPIO_Output
PG1.GPIOParameters=GPIO_Label
PG1.GPIO_Label=GPIO_LED_2
PG1.Locked=true
PG1.Signal=GPIO_Output
PG10.Locked=true
PG10.Mode=Asynchronous
PG10.Signal=USART1_RX
PG13.Locked=true
PG13.Mode=I2C
PG13.Signal=I2C1_SDA
PG14.Locked=true
PG14.Mode=I2C
PG14.Signal=I2C1_SCL
PG2.GPIOParameters=GPIO_Label
PG2.GPIO_Label=GPIO_LED_3
PG2.Locked=true
PG2.Signal=GPIO_Output
PG3.GPIOParameters=GPIO_Label
PG3.GPIO_Label=GPIO_LED_4
PG3.Locked=true
PG3.Signal=GPIO_Output
PG4.GPIOParameters=GPIO_Label
PG4.GPIO_Label=GPIO_LED_5
PG4.Locked=true
PG4.Signal=GPIO_Output
PG5.GPIOParameters=GPIO_Label
PG5.GPIO_Label=GPIO_LED_6
PG5.Locked=true
PG5.Signal=GPIO_Output
PG6.GPIOParameters=GPIO_Label
PG6.GPIO_Label=GPIO_IL_B
PG6.Locked=true
PG6.Signal=GPIO_Input
PG7.GPIOParameters=GPIO_Label
PG7.GPIO_Label=GPIO_IL_A
PG7.Locked=true
PG7.Signal=GPIO_Input
PG9.Locked=true
PG9.Mode=Asynchronous
PG9.Signal=USART1_TX
PinOutPanel.RotationAngle=0
ProjectManager.AskForMigrate=true
ProjectManager.BackupPrevious=false
ProjectManager.CompilerOptimize=6
ProjectManager.ComputerToolchain=false
ProjectManager.CoupleFile=true
ProjectManager.CustomerFirmwarePackage=
ProjectManager.DefaultFWLocation=true
ProjectManager.DeletePrevious=true
ProjectManager.DeviceId=STM32L562ZETxQ
ProjectManager.FirmwarePackage=STM32Cube FW_L5 V1.5.1
ProjectManager.FreePins=false
ProjectManager.HalAssertFull=false
ProjectManager.HeapSize=0x400
ProjectManager.KeepUserCode=true
ProjectManager.LastFirmware=true
ProjectManager.LibraryCopy=1
ProjectManager.MainLocation=Core/Src
ProjectManager.NoMain=false
ProjectManager.PreviousToolchain=
ProjectManager.ProjectBuild=false
ProjectManager.ProjectFileName=ZP3-Validation-Image-Target.ioc
ProjectManager.ProjectName=ZP3-Validation-Image-Target
ProjectManager.ProjectStructure=
ProjectManager.RegisterCallBack=
ProjectManager.StackSize=0x800
ProjectManager.TargetToolchain=STM32CubeIDE
ProjectManager.ToolChainLocation=
ProjectManager.UAScriptAfterPath=
ProjectManager.UAScriptBeforePath=
ProjectManager.UnderRoot=true
ProjectManager.functionlistsort=1-SystemClock_Config-RCC-false-HAL-false,2-MX_GPIO_Init-GPIO-false-HAL-true,3-MX_DMA_Init-DMA-false-HAL-true,4-MX_USART2_UART_Init-USART2-false-HAL-true,5-MX_USART3_UART_Init-USART3-false-HAL-true,6-MX_SDMMC1_SD_Init-SDMMC1-false-HAL-true,7-MX_FATFS_Init-FATFS-false-HAL-false,8-MX_I2C1_Init-I2C1-false-HAL-true,9-MX_I2C2_Init-I2C2-false-HAL-true,10-MX_I2C3_Init-I2C3-false-HAL-true,11-MX_SPI1_Init-SPI1-false-HAL-true,12-MX_SPI2_Init-SPI2-false-HAL-true,13-MX_TIM1_Init-TIM1-false-HAL-true,14-MX_USART1_UART_Init-USART1-false-HAL-true,0-MX_PWR_Init-PWR-false-HAL-true
RCC.AHBFreq_Value=80000000
RCC.APB1Freq_Value=80000000
RCC.APB1TimFreq_Value=80000000
RCC.APB2Freq_Value=80000000
RCC.APB2TimFreq_Value=80000000
RCC.CRSFreq_Value=48000000
RCC.CortexFreq_Value=80000000
RCC.DFSDMFreq_Value=80000000
RCC.FCLKCortexFreq_Value=80000000
RCC.FDCANFreq_Value=80000000
RCC.FamilyName=M
RCC.HCLKFreq_Value=80000000
RCC.HSE_VALUE=16000000
RCC.HSI48_VALUE=48000000
RCC.HSI_VALUE=16000000
RCC.I2C1Freq_Value=80000000
RCC.I2C2Freq_Value=80000000
RCC.I2C3Freq_Value=80000000
RCC.I2C4Freq_Value=80000000
RCC.IPParameters=AHBFreq_Value,APB1Freq_Value,APB1TimFreq_Value,APB2Freq_Value,APB2TimFreq_Value,CRSFreq_Value,CortexFreq_Value,DFSDMFreq_Value,FCLKCortexFreq_Value,FDCANFreq_Value,FamilyName,HCLKFreq_Value,HSE_VALUE,HSI48_VALUE,HSI_VALUE,I2C1Freq_Value,I2C2Freq_Value,I2C3Freq_Value,I2C4Freq_Value,LPTIM1Freq_Value,LPTIM2Freq_Value,LPTIM3Freq_Value,LPUART1Freq_Value,LSCOPinFreq_Value,LSE_VALUE,LSI_VALUE,MCO1PinFreq_Value,MSI_VALUE,OCTOSPIMFreq_Value,PLLN,PLLPoutputFreq_Value,PLLQoutputFreq_Value,PLLRCLKFreq_Value,PLLSAI1PoutputFreq_Value,PLLSAI1QoutputFreq_Value,PLLSAI1RoutputFreq_Value,PLLSAI2PoutputFreq_Value,PWRFreq_Value,SAI1Freq_Value,SAI2Freq_Value,SDMMCFreq_Value,SYSCLKFreq_VALUE,SYSCLKSource,UART4Freq_Value,UART5Freq_Value,USART1Freq_Value,USART2Freq_Value,USART3Freq_Value,VCOInput2Freq_Value,VCOInput3Freq_Value,VCOInputFreq_Value,VCOOutputFreq_Value,VCOSAI1OutputFreq_Value,VCOSAI2OutputFreq_Value
RCC.LPTIM1Freq_Value=80000000
RCC.LPTIM2Freq_Value=80000000
RCC.LPTIM3Freq_Value=80000000
RCC.LPUART1Freq_Value=80000000
RCC.LSCOPinFreq_Value=32000
RCC.LSE_VALUE=32768
RCC.LSI_VALUE=32000
RCC.MCO1PinFreq_Value=80000000
RCC.MSI_VALUE=4000000
RCC.OCTOSPIMFreq_Value=80000000
RCC.PLLN=40
RCC.PLLPoutputFreq_Value=22857142.85714286
RCC.PLLQoutputFreq_Value=80000000
RCC.PLLRCLKFreq_Value=80000000
RCC.PLLSAI1PoutputFreq_Value=4571428.571428572
RCC.PLLSAI1QoutputFreq_Value=16000000
RCC.PLLSAI1RoutputFreq_Value=16000000
RCC.PLLSAI2PoutputFreq_Value=4571428.571428572
RCC.PWRFreq_Value=80000000
RCC.SAI1Freq_Value=4571428.571428572
RCC.SAI2Freq_Value=4571428.571428572
RCC.SDMMCFreq_Value=22857142.85714286
RCC.SYSCLKFreq_VALUE=80000000
RCC.SYSCLKSource=RCC_SYSCLKSOURCE_PLLCLK
RCC.UART4Freq_Value=80000000
RCC.UART5Freq_Value=80000000
RCC.USART1Freq_Value=80000000
RCC.USART2Freq_Value=80000000
RCC.USART3Freq_Value=80000000
RCC.VCOInput2Freq_Value=4000000
RCC.VCOInput3Freq_Value=4000000
RCC.VCOInputFreq_Value=4000000
RCC.VCOOutputFreq_Value=160000000
RCC.VCOSAI1OutputFreq_Value=32000000
RCC.VCOSAI2OutputFreq_Value=32000000
SH.ADCx_IN11.0=ADC1_IN11
SH.ADCx_IN11.ConfNb=1
SH.ADCx_IN12.0=ADC1_IN12
SH.ADCx_IN12.ConfNb=1
SH.ADCx_IN15.0=ADC1_IN15
SH.ADCx_IN15.ConfNb=1
SH.ADCx_IN16.0=ADC2_IN16
SH.ADCx_IN16.ConfNb=1
SH.ADCx_IN3.0=ADC2_IN3
SH.ADCx_IN3.ConfNb=1
SH.ADCx_IN9.0=ADC2_IN9
SH.ADCx_IN9.ConfNb=1
SH.GPXTI13.0=GPIO_EXTI13
SH.GPXTI13.ConfNb=1
SH.S_TIM16_CH1.0=TIM16_CH1
SH.S_TIM16_CH1.ConfNb=1
SH.S_TIM17_CH1.0=TIM17_CH1
SH.S_TIM17_CH1.ConfNb=1
SH.S_TIM1_CH1.0=TIM1_CH1,PWM Generation1 CH1
SH.S_TIM1_CH1.ConfNb=1
SH.S_TIM1_CH2.0=TIM1_CH2
SH.S_TIM1_CH2.ConfNb=1
SH.S_TIM3_CH1.0=TIM3_CH1
SH.S_TIM3_CH1.ConfNb=1
SH.S_TIM3_CH2.0=TIM3_CH2
SH.S_TIM3_CH2.ConfNb=1
SH.S_TIM3_CH3.0=TIM3_CH3
SH.S_TIM3_CH3.ConfNb=1
SH.S_TIM3_CH4.0=TIM3_CH4
SH.S_TIM3_CH4.ConfNb=1
SH.S_TIM4_CH1.0=TIM4_CH1
SH.S_TIM4_CH1.ConfNb=1
SH.S_TIM4_CH2.0=TIM4_CH2
SH.S_TIM4_CH2.ConfNb=1
SH.S_TIM4_CH3.0=TIM4_CH3
SH.S_TIM4_CH3.ConfNb=1
SH.S_TIM5_CH1.0=TIM5_CH1
SH.S_TIM5_CH1.ConfNb=1
SH.S_TIM5_CH2.0=TIM5_CH2
SH.S_TIM5_CH2.ConfNb=1
SH.S_TIM5_CH3.0=TIM5_CH3
SH.S_TIM5_CH3.ConfNb=1
SH.S_TIM5_CH4.0=TIM5_CH4
SH.S_TIM5_CH4.ConfNb=1
SPI1.CalculateBaudRate=40.0 MBits/s
SPI1.Direction=SPI_DIRECTION_2LINES
SPI1.IPParameters=VirtualType,Mode,Direction,CalculateBaudRate,VirtualNSS
SPI1.Mode=SPI_MODE_MASTER
SPI1.VirtualNSS=VM_NSSHARD
SPI1.VirtualType=VM_MASTER
SPI2.CalculateBaudRate=40.0 MBits/s
SPI2.Direction=SPI_DIRECTION_2LINES
SPI2.IPParameters=VirtualType,Mode,Direction,CalculateBaudRate,VirtualNSS
SPI2.Mode=SPI_MODE_MASTER
SPI2.VirtualNSS=VM_NSSHARD
SPI2.VirtualType=VM_MASTER
TIM1.Channel-PWM\ Generation1\ CH1=TIM_CHANNEL_1
TIM1.IPParameters=Channel-PWM Generation1 CH1,Period
TIM1.Period=100-1
USART1.IPParameters=VirtualMode-Asynchronous
USART1.VirtualMode-Asynchronous=VM_ASYNC
USART2.IPParameters=VirtualMode-Asynchronous
USART2.VirtualMode-Asynchronous=VM_ASYNC
USART3.IPParameters=VirtualMode-Asynchronous
USART3.VirtualMode-Asynchronous=VM_ASYNC
VP_FATFS_VS_SDIO.Mode=SDIO
VP_FATFS_VS_SDIO.Signal=FATFS_VS_SDIO
VP_PWR_VS_DBSignals.Mode=DisableDeadBatterySignals
VP_PWR_VS_DBSignals.Signal=PWR_VS_DBSignals
VP_PWR_VS_SECSignals.Mode=Security/Privilege
VP_PWR_VS_SECSignals.Signal=PWR_VS_SECSignals
VP_SYS_VS_Systick.Mode=SysTick
VP_SYS_VS_Systick.Signal=SYS_VS_Systick
board=custom
isbadioc=false
